
Microsoft Visual Studio Solution File, Format Version 12.00
# Visual Studio 14
VisualStudioVersion = 14.0.25420.1
MinimumVisualStudioVersion = 10.0.40219.1
Project("{FAE04EC0-301F-11D3-BF4B-00C04F79EFBC}") = "EnhancedMaps", "EnhancedMaps\EnhancedMaps.csproj", "{67F9D3A8-F71E-4428-913F-C37AE82CDB24}"
EndProject
Project("{FAE04EC0-301F-11D3-BF4B-00C04F79EFBC}") = "EnhancedMaps.Demo", "EnhancedMaps.Demo\EnhancedMaps.Demo\EnhancedMaps.Demo.csproj", "{481BB982-21DE-4CFF-AFB7-01C977BF8006}"
EndProject
Project("{FAE04EC0-301F-11D3-BF4B-00C04F79EFBC}") = "EnhancedMaps.Demo.Droid", "EnhancedMaps.Demo\EnhancedMaps.Demo.Droid\EnhancedMaps.Demo.Droid.csproj", "{C4FD215F-BC02-4A1E-A0CC-CDA34EE261EB}"
EndProject
Project("{FAE04EC0-301F-11D3-BF4B-00C04F79EFBC}") = "EnhancedMaps.Demo.iOS", "EnhancedMaps.Demo\EnhancedMaps.Demo.iOS\EnhancedMaps.Demo.iOS.csproj", "{B90B5B3E-D6E7-4A73-B951-44247759EE9B}"
EndProject
Project("{FAE04EC0-301F-11D3-BF4B-00C04F79EFBC}") = "EnhancedMaps.Demo.WinPhone", "EnhancedMaps.Demo\EnhancedMaps.Demo.WinPhone\EnhancedMaps.Demo.WinPhone.csproj", "{80F805B5-9C3A-4AB0-BC0D-7D3905B6351A}"
EndProject
Project("{FAE04EC0-301F-11D3-BF4B-00C04F79EFBC}") = "EnhancedMaps.Demo.UWP", "EnhancedMaps.Demo\EnhancedMaps.Demo.UWP\EnhancedMaps.Demo.UWP.csproj", "{40993933-204B-42BD-9B56-01B05D7497F5}"
EndProject
Project("{FAE04EC0-301F-11D3-BF4B-00C04F79EFBC}") = "EnhancedMaps.Demo.Windows", "EnhancedMaps.Demo\EnhancedMaps.Demo.Windows\EnhancedMaps.Demo.Windows.csproj", "{D2A427AA-98A0-4EF7-BF36-9C82C8A0728F}"
EndProject
Global
	GlobalSection(SolutionConfigurationPlatforms) = preSolution
		Ad-Hoc|Any CPU = Ad-Hoc|Any CPU
		Ad-Hoc|ARM = Ad-Hoc|ARM
		Ad-Hoc|iPhone = Ad-Hoc|iPhone
		Ad-Hoc|iPhoneSimulator = Ad-Hoc|iPhoneSimulator
		Ad-Hoc|x64 = Ad-Hoc|x64
		Ad-Hoc|x86 = Ad-Hoc|x86
		AppStore|Any CPU = AppStore|Any CPU
		AppStore|ARM = AppStore|ARM
		AppStore|iPhone = AppStore|iPhone
		AppStore|iPhoneSimulator = AppStore|iPhoneSimulator
		AppStore|x64 = AppStore|x64
		AppStore|x86 = AppStore|x86
		Debug|Any CPU = Debug|Any CPU
		Debug|ARM = Debug|ARM
		Debug|iPhone = Debug|iPhone
		Debug|iPhoneSimulator = Debug|iPhoneSimulator
		Debug|x64 = Debug|x64
		Debug|x86 = Debug|x86
		Release|Any CPU = Release|Any CPU
		Release|ARM = Release|ARM
		Release|iPhone = Release|iPhone
		Release|iPhoneSimulator = Release|iPhoneSimulator
		Release|x64 = Release|x64
		Release|x86 = Release|x86
	EndGlobalSection
	GlobalSection(ProjectConfigurationPlatforms) = postSolution
		{67F9D3A8-F71E-4428-913F-C37AE82CDB24}.Ad-Hoc|Any CPU.ActiveCfg = Release|Any CPU
		{67F9D3A8-F71E-4428-913F-C37AE82CDB24}.Ad-Hoc|Any CPU.Build.0 = Release|Any CPU
		{67F9D3A8-F71E-4428-913F-C37AE82CDB24}.Ad-Hoc|ARM.ActiveCfg = Release|Any CPU
		{67F9D3A8-F71E-4428-913F-C37AE82CDB24}.Ad-Hoc|ARM.Build.0 = Release|Any CPU
		{67F9D3A8-F71E-4428-913F-C37AE82CDB24}.Ad-Hoc|iPhone.ActiveCfg = Release|Any CPU
		{67F9D3A8-F71E-4428-913F-C37AE82CDB24}.Ad-Hoc|iPhone.Build.0 = Release|Any CPU
		{67F9D3A8-F71E-4428-913F-C37AE82CDB24}.Ad-Hoc|iPhoneSimulator.ActiveCfg = Release|Any CPU
		{67F9D3A8-F71E-4428-913F-C37AE82CDB24}.Ad-Hoc|iPhoneSimulator.Build.0 = Release|Any CPU
		{67F9D3A8-F71E-4428-913F-C37AE82CDB24}.Ad-Hoc|x64.ActiveCfg = Release|Any CPU
		{67F9D3A8-F71E-4428-913F-C37AE82CDB24}.Ad-Hoc|x64.Build.0 = Release|Any CPU
		{67F9D3A8-F71E-4428-913F-C37AE82CDB24}.Ad-Hoc|x86.ActiveCfg = Release|Any CPU
		{67F9D3A8-F71E-4428-913F-C37AE82CDB24}.Ad-Hoc|x86.Build.0 = Release|Any CPU
		{67F9D3A8-F71E-4428-913F-C37AE82CDB24}.AppStore|Any CPU.ActiveCfg = Release|Any CPU
		{67F9D3A8-F71E-4428-913F-C37AE82CDB24}.AppStore|Any CPU.Build.0 = Release|Any CPU
		{67F9D3A8-F71E-4428-913F-C37AE82CDB24}.AppStore|ARM.ActiveCfg = Release|Any CPU
		{67F9D3A8-F71E-4428-913F-C37AE82CDB24}.AppStore|ARM.Build.0 = Release|Any CPU
		{67F9D3A8-F71E-4428-913F-C37AE82CDB24}.AppStore|iPhone.ActiveCfg = Release|Any CPU
		{67F9D3A8-F71E-4428-913F-C37AE82CDB24}.AppStore|iPhone.Build.0 = Release|Any CPU
		{67F9D3A8-F71E-4428-913F-C37AE82CDB24}.AppStore|iPhoneSimulator.ActiveCfg = Release|Any CPU
		{67F9D3A8-F71E-4428-913F-C37AE82CDB24}.AppStore|iPhoneSimulator.Build.0 = Release|Any CPU
		{67F9D3A8-F71E-4428-913F-C37AE82CDB24}.AppStore|x64.ActiveCfg = Release|Any CPU
		{67F9D3A8-F71E-4428-913F-C37AE82CDB24}.AppStore|x64.Build.0 = Release|Any CPU
		{67F9D3A8-F71E-4428-913F-C37AE82CDB24}.AppStore|x86.ActiveCfg = Release|Any CPU
		{67F9D3A8-F71E-4428-913F-C37AE82CDB24}.AppStore|x86.Build.0 = Release|Any CPU
		{67F9D3A8-F71E-4428-913F-C37AE82CDB24}.Debug|Any CPU.ActiveCfg = Debug|Any CPU
		{67F9D3A8-F71E-4428-913F-C37AE82CDB24}.Debug|Any CPU.Build.0 = Debug|Any CPU
		{67F9D3A8-F71E-4428-913F-C37AE82CDB24}.Debug|ARM.ActiveCfg = Debug|Any CPU
		{67F9D3A8-F71E-4428-913F-C37AE82CDB24}.Debug|ARM.Build.0 = Debug|Any CPU
		{67F9D3A8-F71E-4428-913F-C37AE82CDB24}.Debug|iPhone.ActiveCfg = Debug|Any CPU
		{67F9D3A8-F71E-4428-913F-C37AE82CDB24}.Debug|iPhone.Build.0 = Debug|Any CPU
		{67F9D3A8-F71E-4428-913F-C37AE82CDB24}.Debug|iPhoneSimulator.ActiveCfg = Debug|Any CPU
		{67F9D3A8-F71E-4428-913F-C37AE82CDB24}.Debug|iPhoneSimulator.Build.0 = Debug|Any CPU
		{67F9D3A8-F71E-4428-913F-C37AE82CDB24}.Debug|x64.ActiveCfg = Debug|Any CPU
		{67F9D3A8-F71E-4428-913F-C37AE82CDB24}.Debug|x64.Build.0 = Debug|Any CPU
		{67F9D3A8-F71E-4428-913F-C37AE82CDB24}.Debug|x86.ActiveCfg = Debug|Any CPU
		{67F9D3A8-F71E-4428-913F-C37AE82CDB24}.Debug|x86.Build.0 = Debug|Any CPU
		{67F9D3A8-F71E-4428-913F-C37AE82CDB24}.Release|Any CPU.ActiveCfg = Release|Any CPU
		{67F9D3A8-F71E-4428-913F-C37AE82CDB24}.Release|Any CPU.Build.0 = Release|Any CPU
		{67F9D3A8-F71E-4428-913F-C37AE82CDB24}.Release|ARM.ActiveCfg = Release|Any CPU
		{67F9D3A8-F71E-4428-913F-C37AE82CDB24}.Release|ARM.Build.0 = Release|Any CPU
		{67F9D3A8-F71E-4428-913F-C37AE82CDB24}.Release|iPhone.ActiveCfg = Release|Any CPU
		{67F9D3A8-F71E-4428-913F-C37AE82CDB24}.Release|iPhone.Build.0 = Release|Any CPU
		{67F9D3A8-F71E-4428-913F-C37AE82CDB24}.Release|iPhoneSimulator.ActiveCfg = Release|Any CPU
		{67F9D3A8-F71E-4428-913F-C37AE82CDB24}.Release|iPhoneSimulator.Build.0 = Release|Any CPU
		{67F9D3A8-F71E-4428-913F-C37AE82CDB24}.Release|x64.ActiveCfg = Release|Any CPU
		{67F9D3A8-F71E-4428-913F-C37AE82CDB24}.Release|x64.Build.0 = Release|Any CPU
		{67F9D3A8-F71E-4428-913F-C37AE82CDB24}.Release|x86.ActiveCfg = Release|Any CPU
		{67F9D3A8-F71E-4428-913F-C37AE82CDB24}.Release|x86.Build.0 = Release|Any CPU
		{481BB982-21DE-4CFF-AFB7-01C977BF8006}.Ad-Hoc|Any CPU.ActiveCfg = Release|Any CPU
		{481BB982-21DE-4CFF-AFB7-01C977BF8006}.Ad-Hoc|Any CPU.Build.0 = Release|Any CPU
		{481BB982-21DE-4CFF-AFB7-01C977BF8006}.Ad-Hoc|ARM.ActiveCfg = Release|Any CPU
		{481BB982-21DE-4CFF-AFB7-01C977BF8006}.Ad-Hoc|ARM.Build.0 = Release|Any CPU
		{481BB982-21DE-4CFF-AFB7-01C977BF8006}.Ad-Hoc|iPhone.ActiveCfg = Release|Any CPU
		{481BB982-21DE-4CFF-AFB7-01C977BF8006}.Ad-Hoc|iPhone.Build.0 = Release|Any CPU
		{481BB982-21DE-4CFF-AFB7-01C977BF8006}.Ad-Hoc|iPhoneSimulator.ActiveCfg = Release|Any CPU
		{481BB982-21DE-4CFF-AFB7-01C977BF8006}.Ad-Hoc|iPhoneSimulator.Build.0 = Release|Any CPU
		{481BB982-21DE-4CFF-AFB7-01C977BF8006}.Ad-Hoc|x64.ActiveCfg = Release|Any CPU
		{481BB982-21DE-4CFF-AFB7-01C977BF8006}.Ad-Hoc|x64.Build.0 = Release|Any CPU
		{481BB982-21DE-4CFF-AFB7-01C977BF8006}.Ad-Hoc|x86.ActiveCfg = Release|Any CPU
		{481BB982-21DE-4CFF-AFB7-01C977BF8006}.Ad-Hoc|x86.Build.0 = Release|Any CPU
		{481BB982-21DE-4CFF-AFB7-01C977BF8006}.AppStore|Any CPU.ActiveCfg = Release|Any CPU
		{481BB982-21DE-4CFF-AFB7-01C977BF8006}.AppStore|Any CPU.Build.0 = Release|Any CPU
		{481BB982-21DE-4CFF-AFB7-01C977BF8006}.AppStore|ARM.ActiveCfg = Release|Any CPU
		{481BB982-21DE-4CFF-AFB7-01C977BF8006}.AppStore|ARM.Build.0 = Release|Any CPU
		{481BB982-21DE-4CFF-AFB7-01C977BF8006}.AppStore|iPhone.ActiveCfg = Release|Any CPU
		{481BB982-21DE-4CFF-AFB7-01C977BF8006}.AppStore|iPhone.Build.0 = Release|Any CPU
		{481BB982-21DE-4CFF-AFB7-01C977BF8006}.AppStore|iPhoneSimulator.ActiveCfg = Release|Any CPU
		{481BB982-21DE-4CFF-AFB7-01C977BF8006}.AppStore|iPhoneSimulator.Build.0 = Release|Any CPU
		{481BB982-21DE-4CFF-AFB7-01C977BF8006}.AppStore|x64.ActiveCfg = Release|Any CPU
		{481BB982-21DE-4CFF-AFB7-01C977BF8006}.AppStore|x64.Build.0 = Release|Any CPU
		{481BB982-21DE-4CFF-AFB7-01C977BF8006}.AppStore|x86.ActiveCfg = Release|Any CPU
		{481BB982-21DE-4CFF-AFB7-01C977BF8006}.AppStore|x86.Build.0 = Release|Any CPU
		{481BB982-21DE-4CFF-AFB7-01C977BF8006}.Debug|Any CPU.ActiveCfg = Debug|Any CPU
		{481BB982-21DE-4CFF-AFB7-01C977BF8006}.Debug|Any CPU.Build.0 = Debug|Any CPU
		{481BB982-21DE-4CFF-AFB7-01C977BF8006}.Debug|ARM.ActiveCfg = Debug|Any CPU
		{481BB982-21DE-4CFF-AFB7-01C977BF8006}.Debug|ARM.Build.0 = Debug|Any CPU
		{481BB982-21DE-4CFF-AFB7-01C977BF8006}.Debug|iPhone.ActiveCfg = Debug|Any CPU
		{481BB982-21DE-4CFF-AFB7-01C977BF8006}.Debug|iPhone.Build.0 = Debug|Any CPU
		{481BB982-21DE-4CFF-AFB7-01C977BF8006}.Debug|iPhoneSimulator.ActiveCfg = Debug|Any CPU
		{481BB982-21DE-4CFF-AFB7-01C977BF8006}.Debug|iPhoneSimulator.Build.0 = Debug|Any CPU
		{481BB982-21DE-4CFF-AFB7-01C977BF8006}.Debug|x64.ActiveCfg = Debug|Any CPU
		{481BB982-21DE-4CFF-AFB7-01C977BF8006}.Debug|x64.Build.0 = Debug|Any CPU
		{481BB982-21DE-4CFF-AFB7-01C977BF8006}.Debug|x86.ActiveCfg = Debug|Any CPU
		{481BB982-21DE-4CFF-AFB7-01C977BF8006}.Debug|x86.Build.0 = Debug|Any CPU
		{481BB982-21DE-4CFF-AFB7-01C977BF8006}.Release|Any CPU.ActiveCfg = Release|Any CPU
		{481BB982-21DE-4CFF-AFB7-01C977BF8006}.Release|Any CPU.Build.0 = Release|Any CPU
		{481BB982-21DE-4CFF-AFB7-01C977BF8006}.Release|ARM.ActiveCfg = Release|Any CPU
		{481BB982-21DE-4CFF-AFB7-01C977BF8006}.Release|ARM.Build.0 = Release|Any CPU
		{481BB982-21DE-4CFF-AFB7-01C977BF8006}.Release|iPhone.ActiveCfg = Release|Any CPU
		{481BB982-21DE-4CFF-AFB7-01C977BF8006}.Release|iPhone.Build.0 = Release|Any CPU
		{481BB982-21DE-4CFF-AFB7-01C977BF8006}.Release|iPhoneSimulator.ActiveCfg = Release|Any CPU
		{481BB982-21DE-4CFF-AFB7-01C977BF8006}.Release|iPhoneSimulator.Build.0 = Release|Any CPU
		{481BB982-21DE-4CFF-AFB7-01C977BF8006}.Release|x64.ActiveCfg = Release|Any CPU
		{481BB982-21DE-4CFF-AFB7-01C977BF8006}.Release|x64.Build.0 = Release|Any CPU
		{481BB982-21DE-4CFF-AFB7-01C977BF8006}.Release|x86.ActiveCfg = Release|Any CPU
		{481BB982-21DE-4CFF-AFB7-01C977BF8006}.Release|x86.Build.0 = Release|Any CPU
		{C4FD215F-BC02-4A1E-A0CC-CDA34EE261EB}.Ad-Hoc|Any CPU.ActiveCfg = Release|Any CPU
		{C4FD215F-BC02-4A1E-A0CC-CDA34EE261EB}.Ad-Hoc|Any CPU.Build.0 = Release|Any CPU
		{C4FD215F-BC02-4A1E-A0CC-CDA34EE261EB}.Ad-Hoc|Any CPU.Deploy.0 = Release|Any CPU
		{C4FD215F-BC02-4A1E-A0CC-CDA34EE261EB}.Ad-Hoc|ARM.ActiveCfg = Release|Any CPU
		{C4FD215F-BC02-4A1E-A0CC-CDA34EE261EB}.Ad-Hoc|ARM.Build.0 = Release|Any CPU
		{C4FD215F-BC02-4A1E-A0CC-CDA34EE261EB}.Ad-Hoc|ARM.Deploy.0 = Release|Any CPU
		{C4FD215F-BC02-4A1E-A0CC-CDA34EE261EB}.Ad-Hoc|iPhone.ActiveCfg = Release|Any CPU
		{C4FD215F-BC02-4A1E-A0CC-CDA34EE261EB}.Ad-Hoc|iPhone.Build.0 = Release|Any CPU
		{C4FD215F-BC02-4A1E-A0CC-CDA34EE261EB}.Ad-Hoc|iPhone.Deploy.0 = Release|Any CPU
		{C4FD215F-BC02-4A1E-A0CC-CDA34EE261EB}.Ad-Hoc|iPhoneSimulator.ActiveCfg = Release|Any CPU
		{C4FD215F-BC02-4A1E-A0CC-CDA34EE261EB}.Ad-Hoc|iPhoneSimulator.Build.0 = Release|Any CPU
		{C4FD215F-BC02-4A1E-A0CC-CDA34EE261EB}.Ad-Hoc|iPhoneSimulator.Deploy.0 = Release|Any CPU
		{C4FD215F-BC02-4A1E-A0CC-CDA34EE261EB}.Ad-Hoc|x64.ActiveCfg = Release|Any CPU
		{C4FD215F-BC02-4A1E-A0CC-CDA34EE261EB}.Ad-Hoc|x64.Build.0 = Release|Any CPU
		{C4FD215F-BC02-4A1E-A0CC-CDA34EE261EB}.Ad-Hoc|x64.Deploy.0 = Release|Any CPU
		{C4FD215F-BC02-4A1E-A0CC-CDA34EE261EB}.Ad-Hoc|x86.ActiveCfg = Release|Any CPU
		{C4FD215F-BC02-4A1E-A0CC-CDA34EE261EB}.Ad-Hoc|x86.Build.0 = Release|Any CPU
		{C4FD215F-BC02-4A1E-A0CC-CDA34EE261EB}.Ad-Hoc|x86.Deploy.0 = Release|Any CPU
		{C4FD215F-BC02-4A1E-A0CC-CDA34EE261EB}.AppStore|Any CPU.ActiveCfg = Release|Any CPU
		{C4FD215F-BC02-4A1E-A0CC-CDA34EE261EB}.AppStore|Any CPU.Build.0 = Release|Any CPU
		{C4FD215F-BC02-4A1E-A0CC-CDA34EE261EB}.AppStore|Any CPU.Deploy.0 = Release|Any CPU
		{C4FD215F-BC02-4A1E-A0CC-CDA34EE261EB}.AppStore|ARM.ActiveCfg = Release|Any CPU
		{C4FD215F-BC02-4A1E-A0CC-CDA34EE261EB}.AppStore|ARM.Build.0 = Release|Any CPU
		{C4FD215F-BC02-4A1E-A0CC-CDA34EE261EB}.AppStore|ARM.Deploy.0 = Release|Any CPU
		{C4FD215F-BC02-4A1E-A0CC-CDA34EE261EB}.AppStore|iPhone.ActiveCfg = Release|Any CPU
		{C4FD215F-BC02-4A1E-A0CC-CDA34EE261EB}.AppStore|iPhone.Build.0 = Release|Any CPU
		{C4FD215F-BC02-4A1E-A0CC-CDA34EE261EB}.AppStore|iPhone.Deploy.0 = Release|Any CPU
		{C4FD215F-BC02-4A1E-A0CC-CDA34EE261EB}.AppStore|iPhoneSimulator.ActiveCfg = Release|Any CPU
		{C4FD215F-BC02-4A1E-A0CC-CDA34EE261EB}.AppStore|iPhoneSimulator.Build.0 = Release|Any CPU
		{C4FD215F-BC02-4A1E-A0CC-CDA34EE261EB}.AppStore|iPhoneSimulator.Deploy.0 = Release|Any CPU
		{C4FD215F-BC02-4A1E-A0CC-CDA34EE261EB}.AppStore|x64.ActiveCfg = Release|Any CPU
		{C4FD215F-BC02-4A1E-A0CC-CDA34EE261EB}.AppStore|x64.Build.0 = Release|Any CPU
		{C4FD215F-BC02-4A1E-A0CC-CDA34EE261EB}.AppStore|x64.Deploy.0 = Release|Any CPU
		{C4FD215F-BC02-4A1E-A0CC-CDA34EE261EB}.AppStore|x86.ActiveCfg = Release|Any CPU
		{C4FD215F-BC02-4A1E-A0CC-CDA34EE261EB}.AppStore|x86.Build.0 = Release|Any CPU
		{C4FD215F-BC02-4A1E-A0CC-CDA34EE261EB}.AppStore|x86.Deploy.0 = Release|Any CPU
		{C4FD215F-BC02-4A1E-A0CC-CDA34EE261EB}.Debug|Any CPU.ActiveCfg = Debug|Any CPU
		{C4FD215F-BC02-4A1E-A0CC-CDA34EE261EB}.Debug|Any CPU.Build.0 = Debug|Any CPU
		{C4FD215F-BC02-4A1E-A0CC-CDA34EE261EB}.Debug|Any CPU.Deploy.0 = Debug|Any CPU
		{C4FD215F-BC02-4A1E-A0CC-CDA34EE261EB}.Debug|ARM.ActiveCfg = Debug|Any CPU
		{C4FD215F-BC02-4A1E-A0CC-CDA34EE261EB}.Debug|ARM.Build.0 = Debug|Any CPU
		{C4FD215F-BC02-4A1E-A0CC-CDA34EE261EB}.Debug|ARM.Deploy.0 = Debug|Any CPU
		{C4FD215F-BC02-4A1E-A0CC-CDA34EE261EB}.Debug|iPhone.ActiveCfg = Debug|Any CPU
		{C4FD215F-BC02-4A1E-A0CC-CDA34EE261EB}.Debug|iPhone.Build.0 = Debug|Any CPU
		{C4FD215F-BC02-4A1E-A0CC-CDA34EE261EB}.Debug|iPhone.Deploy.0 = Debug|Any CPU
		{C4FD215F-BC02-4A1E-A0CC-CDA34EE261EB}.Debug|iPhoneSimulator.ActiveCfg = Debug|Any CPU
		{C4FD215F-BC02-4A1E-A0CC-CDA34EE261EB}.Debug|iPhoneSimulator.Build.0 = Debug|Any CPU
		{C4FD215F-BC02-4A1E-A0CC-CDA34EE261EB}.Debug|iPhoneSimulator.Deploy.0 = Debug|Any CPU
		{C4FD215F-BC02-4A1E-A0CC-CDA34EE261EB}.Debug|x64.ActiveCfg = Debug|Any CPU
		{C4FD215F-BC02-4A1E-A0CC-CDA34EE261EB}.Debug|x64.Build.0 = Debug|Any CPU
		{C4FD215F-BC02-4A1E-A0CC-CDA34EE261EB}.Debug|x64.Deploy.0 = Debug|Any CPU
		{C4FD215F-BC02-4A1E-A0CC-CDA34EE261EB}.Debug|x86.ActiveCfg = Debug|Any CPU
		{C4FD215F-BC02-4A1E-A0CC-CDA34EE261EB}.Debug|x86.Build.0 = Debug|Any CPU
		{C4FD215F-BC02-4A1E-A0CC-CDA34EE261EB}.Debug|x86.Deploy.0 = Debug|Any CPU
		{C4FD215F-BC02-4A1E-A0CC-CDA34EE261EB}.Release|Any CPU.ActiveCfg = Release|Any CPU
		{C4FD215F-BC02-4A1E-A0CC-CDA34EE261EB}.Release|Any CPU.Build.0 = Release|Any CPU
		{C4FD215F-BC02-4A1E-A0CC-CDA34EE261EB}.Release|Any CPU.Deploy.0 = Release|Any CPU
		{C4FD215F-BC02-4A1E-A0CC-CDA34EE261EB}.Release|ARM.ActiveCfg = Release|Any CPU
		{C4FD215F-BC02-4A1E-A0CC-CDA34EE261EB}.Release|ARM.Build.0 = Release|Any CPU
		{C4FD215F-BC02-4A1E-A0CC-CDA34EE261EB}.Release|ARM.Deploy.0 = Release|Any CPU
		{C4FD215F-BC02-4A1E-A0CC-CDA34EE261EB}.Release|iPhone.ActiveCfg = Release|Any CPU
		{C4FD215F-BC02-4A1E-A0CC-CDA34EE261EB}.Release|iPhone.Build.0 = Release|Any CPU
		{C4FD215F-BC02-4A1E-A0CC-CDA34EE261EB}.Release|iPhone.Deploy.0 = Release|Any CPU
		{C4FD215F-BC02-4A1E-A0CC-CDA34EE261EB}.Release|iPhoneSimulator.ActiveCfg = Release|Any CPU
		{C4FD215F-BC02-4A1E-A0CC-CDA34EE261EB}.Release|iPhoneSimulator.Build.0 = Release|Any CPU
		{C4FD215F-BC02-4A1E-A0CC-CDA34EE261EB}.Release|iPhoneSimulator.Deploy.0 = Release|Any CPU
		{C4FD215F-BC02-4A1E-A0CC-CDA34EE261EB}.Release|x64.ActiveCfg = Release|Any CPU
		{C4FD215F-BC02-4A1E-A0CC-CDA34EE261EB}.Release|x64.Build.0 = Release|Any CPU
		{C4FD215F-BC02-4A1E-A0CC-CDA34EE261EB}.Release|x64.Deploy.0 = Release|Any CPU
		{C4FD215F-BC02-4A1E-A0CC-CDA34EE261EB}.Release|x86.ActiveCfg = Release|Any CPU
		{C4FD215F-BC02-4A1E-A0CC-CDA34EE261EB}.Release|x86.Build.0 = Release|Any CPU
		{C4FD215F-BC02-4A1E-A0CC-CDA34EE261EB}.Release|x86.Deploy.0 = Release|Any CPU
		{B90B5B3E-D6E7-4A73-B951-44247759EE9B}.Ad-Hoc|Any CPU.ActiveCfg = Ad-Hoc|iPhone
		{B90B5B3E-D6E7-4A73-B951-44247759EE9B}.Ad-Hoc|ARM.ActiveCfg = Ad-Hoc|iPhone
		{B90B5B3E-D6E7-4A73-B951-44247759EE9B}.Ad-Hoc|iPhone.ActiveCfg = Ad-Hoc|iPhone
		{B90B5B3E-D6E7-4A73-B951-44247759EE9B}.Ad-Hoc|iPhone.Build.0 = Ad-Hoc|iPhone
		{B90B5B3E-D6E7-4A73-B951-44247759EE9B}.Ad-Hoc|iPhoneSimulator.ActiveCfg = Ad-Hoc|iPhoneSimulator
		{B90B5B3E-D6E7-4A73-B951-44247759EE9B}.Ad-Hoc|iPhoneSimulator.Build.0 = Ad-Hoc|iPhoneSimulator
		{B90B5B3E-D6E7-4A73-B951-44247759EE9B}.Ad-Hoc|x64.ActiveCfg = Ad-Hoc|iPhone
		{B90B5B3E-D6E7-4A73-B951-44247759EE9B}.Ad-Hoc|x86.ActiveCfg = Ad-Hoc|iPhone
		{B90B5B3E-D6E7-4A73-B951-44247759EE9B}.AppStore|Any CPU.ActiveCfg = AppStore|iPhone
		{B90B5B3E-D6E7-4A73-B951-44247759EE9B}.AppStore|ARM.ActiveCfg = AppStore|iPhone
		{B90B5B3E-D6E7-4A73-B951-44247759EE9B}.AppStore|iPhone.ActiveCfg = AppStore|iPhone
		{B90B5B3E-D6E7-4A73-B951-44247759EE9B}.AppStore|iPhone.Build.0 = AppStore|iPhone
		{B90B5B3E-D6E7-4A73-B951-44247759EE9B}.AppStore|iPhoneSimulator.ActiveCfg = AppStore|iPhoneSimulator
		{B90B5B3E-D6E7-4A73-B951-44247759EE9B}.AppStore|iPhoneSimulator.Build.0 = AppStore|iPhoneSimulator
		{B90B5B3E-D6E7-4A73-B951-44247759EE9B}.AppStore|x64.ActiveCfg = AppStore|iPhone
		{B90B5B3E-D6E7-4A73-B951-44247759EE9B}.AppStore|x86.ActiveCfg = AppStore|iPhone
		{B90B5B3E-D6E7-4A73-B951-44247759EE9B}.Debug|Any CPU.ActiveCfg = Debug|iPhone
		{B90B5B3E-D6E7-4A73-B951-44247759EE9B}.Debug|ARM.ActiveCfg = Debug|iPhone
		{B90B5B3E-D6E7-4A73-B951-44247759EE9B}.Debug|iPhone.ActiveCfg = Debug|iPhone
		{B90B5B3E-D6E7-4A73-B951-44247759EE9B}.Debug|iPhone.Build.0 = Debug|iPhone
		{B90B5B3E-D6E7-4A73-B951-44247759EE9B}.Debug|iPhoneSimulator.ActiveCfg = Debug|iPhoneSimulator
		{B90B5B3E-D6E7-4A73-B951-44247759EE9B}.Debug|iPhoneSimulator.Build.0 = Debug|iPhoneSimulator
		{B90B5B3E-D6E7-4A73-B951-44247759EE9B}.Debug|x64.ActiveCfg = Debug|iPhone
		{B90B5B3E-D6E7-4A73-B951-44247759EE9B}.Debug|x86.ActiveCfg = Debug|iPhone
		{B90B5B3E-D6E7-4A73-B951-44247759EE9B}.Release|Any CPU.ActiveCfg = Release|iPhone
		{B90B5B3E-D6E7-4A73-B951-44247759EE9B}.Release|ARM.ActiveCfg = Release|iPhone
		{B90B5B3E-D6E7-4A73-B951-44247759EE9B}.Release|iPhone.ActiveCfg = Release|iPhone
		{B90B5B3E-D6E7-4A73-B951-44247759EE9B}.Release|iPhone.Build.0 = Release|iPhone
		{B90B5B3E-D6E7-4A73-B951-44247759EE9B}.Release|iPhoneSimulator.ActiveCfg = Release|iPhoneSimulator
		{B90B5B3E-D6E7-4A73-B951-44247759EE9B}.Release|iPhoneSimulator.Build.0 = Release|iPhoneSimulator
		{B90B5B3E-D6E7-4A73-B951-44247759EE9B}.Release|x64.ActiveCfg = Release|iPhone
		{B90B5B3E-D6E7-4A73-B951-44247759EE9B}.Release|x86.ActiveCfg = Release|iPhone
		{80F805B5-9C3A-4AB0-BC0D-7D3905B6351A}.Ad-Hoc|Any CPU.ActiveCfg = Release|Any CPU
		{80F805B5-9C3A-4AB0-BC0D-7D3905B6351A}.Ad-Hoc|Any CPU.Build.0 = Release|Any CPU
		{80F805B5-9C3A-4AB0-BC0D-7D3905B6351A}.Ad-Hoc|Any CPU.Deploy.0 = Release|Any CPU
		{80F805B5-9C3A-4AB0-BC0D-7D3905B6351A}.Ad-Hoc|ARM.ActiveCfg = Release|ARM
		{80F805B5-9C3A-4AB0-BC0D-7D3905B6351A}.Ad-Hoc|ARM.Build.0 = Release|ARM
		{80F805B5-9C3A-4AB0-BC0D-7D3905B6351A}.Ad-Hoc|ARM.Deploy.0 = Release|ARM
		{80F805B5-9C3A-4AB0-BC0D-7D3905B6351A}.Ad-Hoc|iPhone.ActiveCfg = Release|Any CPU
		{80F805B5-9C3A-4AB0-BC0D-7D3905B6351A}.Ad-Hoc|iPhone.Build.0 = Release|Any CPU
		{80F805B5-9C3A-4AB0-BC0D-7D3905B6351A}.Ad-Hoc|iPhone.Deploy.0 = Release|Any CPU
		{80F805B5-9C3A-4AB0-BC0D-7D3905B6351A}.Ad-Hoc|iPhoneSimulator.ActiveCfg = Release|Any CPU
		{80F805B5-9C3A-4AB0-BC0D-7D3905B6351A}.Ad-Hoc|iPhoneSimulator.Build.0 = Release|Any CPU
		{80F805B5-9C3A-4AB0-BC0D-7D3905B6351A}.Ad-Hoc|iPhoneSimulator.Deploy.0 = Release|Any CPU
		{80F805B5-9C3A-4AB0-BC0D-7D3905B6351A}.Ad-Hoc|x64.ActiveCfg = Release|Any CPU
		{80F805B5-9C3A-4AB0-BC0D-7D3905B6351A}.Ad-Hoc|x64.Build.0 = Release|Any CPU
		{80F805B5-9C3A-4AB0-BC0D-7D3905B6351A}.Ad-Hoc|x64.Deploy.0 = Release|Any CPU
		{80F805B5-9C3A-4AB0-BC0D-7D3905B6351A}.Ad-Hoc|x86.ActiveCfg = Release|x86
		{80F805B5-9C3A-4AB0-BC0D-7D3905B6351A}.Ad-Hoc|x86.Build.0 = Release|x86
		{80F805B5-9C3A-4AB0-BC0D-7D3905B6351A}.Ad-Hoc|x86.Deploy.0 = Release|x86
		{80F805B5-9C3A-4AB0-BC0D-7D3905B6351A}.AppStore|Any CPU.ActiveCfg = Release|Any CPU
		{80F805B5-9C3A-4AB0-BC0D-7D3905B6351A}.AppStore|Any CPU.Build.0 = Release|Any CPU
		{80F805B5-9C3A-4AB0-BC0D-7D3905B6351A}.AppStore|Any CPU.Deploy.0 = Release|Any CPU
		{80F805B5-9C3A-4AB0-BC0D-7D3905B6351A}.AppStore|ARM.ActiveCfg = Release|ARM
		{80F805B5-9C3A-4AB0-BC0D-7D3905B6351A}.AppStore|ARM.Build.0 = Release|ARM
		{80F805B5-9C3A-4AB0-BC0D-7D3905B6351A}.AppStore|ARM.Deploy.0 = Release|ARM
		{80F805B5-9C3A-4AB0-BC0D-7D3905B6351A}.AppStore|iPhone.ActiveCfg = Release|Any CPU
		{80F805B5-9C3A-4AB0-BC0D-7D3905B6351A}.AppStore|iPhone.Build.0 = Release|Any CPU
		{80F805B5-9C3A-4AB0-BC0D-7D3905B6351A}.AppStore|iPhone.Deploy.0 = Release|Any CPU
		{80F805B5-9C3A-4AB0-BC0D-7D3905B6351A}.AppStore|iPhoneSimulator.ActiveCfg = Release|Any CPU
		{80F805B5-9C3A-4AB0-BC0D-7D3905B6351A}.AppStore|iPhoneSimulator.Build.0 = Release|Any CPU
		{80F805B5-9C3A-4AB0-BC0D-7D3905B6351A}.AppStore|iPhoneSimulator.Deploy.0 = Release|Any CPU
		{80F805B5-9C3A-4AB0-BC0D-7D3905B6351A}.AppStore|x64.ActiveCfg = Release|Any CPU
		{80F805B5-9C3A-4AB0-BC0D-7D3905B6351A}.AppStore|x64.Build.0 = Release|Any CPU
		{80F805B5-9C3A-4AB0-BC0D-7D3905B6351A}.AppStore|x64.Deploy.0 = Release|Any CPU
		{80F805B5-9C3A-4AB0-BC0D-7D3905B6351A}.AppStore|x86.ActiveCfg = Release|x86
		{80F805B5-9C3A-4AB0-BC0D-7D3905B6351A}.AppStore|x86.Build.0 = Release|x86
		{80F805B5-9C3A-4AB0-BC0D-7D3905B6351A}.AppStore|x86.Deploy.0 = Release|x86
		{80F805B5-9C3A-4AB0-BC0D-7D3905B6351A}.Debug|Any CPU.ActiveCfg = Debug|Any CPU
		{80F805B5-9C3A-4AB0-BC0D-7D3905B6351A}.Debug|Any CPU.Build.0 = Debug|Any CPU
		{80F805B5-9C3A-4AB0-BC0D-7D3905B6351A}.Debug|Any CPU.Deploy.0 = Debug|Any CPU
		{80F805B5-9C3A-4AB0-BC0D-7D3905B6351A}.Debug|ARM.ActiveCfg = Debug|ARM
		{80F805B5-9C3A-4AB0-BC0D-7D3905B6351A}.Debug|ARM.Build.0 = Debug|ARM
		{80F805B5-9C3A-4AB0-BC0D-7D3905B6351A}.Debug|ARM.Deploy.0 = Debug|ARM
		{80F805B5-9C3A-4AB0-BC0D-7D3905B6351A}.Debug|iPhone.ActiveCfg = Debug|Any CPU
		{80F805B5-9C3A-4AB0-BC0D-7D3905B6351A}.Debug|iPhone.Build.0 = Debug|Any CPU
		{80F805B5-9C3A-4AB0-BC0D-7D3905B6351A}.Debug|iPhone.Deploy.0 = Debug|Any CPU
		{80F805B5-9C3A-4AB0-BC0D-7D3905B6351A}.Debug|iPhoneSimulator.ActiveCfg = Debug|Any CPU
		{80F805B5-9C3A-4AB0-BC0D-7D3905B6351A}.Debug|iPhoneSimulator.Build.0 = Debug|Any CPU
		{80F805B5-9C3A-4AB0-BC0D-7D3905B6351A}.Debug|iPhoneSimulator.Deploy.0 = Debug|Any CPU
		{80F805B5-9C3A-4AB0-BC0D-7D3905B6351A}.Debug|x64.ActiveCfg = Debug|Any CPU
		{80F805B5-9C3A-4AB0-BC0D-7D3905B6351A}.Debug|x64.Build.0 = Debug|Any CPU
		{80F805B5-9C3A-4AB0-BC0D-7D3905B6351A}.Debug|x64.Deploy.0 = Debug|Any CPU
		{80F805B5-9C3A-4AB0-BC0D-7D3905B6351A}.Debug|x86.ActiveCfg = Debug|x86
		{80F805B5-9C3A-4AB0-BC0D-7D3905B6351A}.Debug|x86.Build.0 = Debug|x86
		{80F805B5-9C3A-4AB0-BC0D-7D3905B6351A}.Debug|x86.Deploy.0 = Debug|x86
		{80F805B5-9C3A-4AB0-BC0D-7D3905B6351A}.Release|Any CPU.ActiveCfg = Release|Any CPU
		{80F805B5-9C3A-4AB0-BC0D-7D3905B6351A}.Release|Any CPU.Build.0 = Release|Any CPU
		{80F805B5-9C3A-4AB0-BC0D-7D3905B6351A}.Release|Any CPU.Deploy.0 = Release|Any CPU
		{80F805B5-9C3A-4AB0-BC0D-7D3905B6351A}.Release|ARM.ActiveCfg = Release|ARM
		{80F805B5-9C3A-4AB0-BC0D-7D3905B6351A}.Release|ARM.Build.0 = Release|ARM
		{80F805B5-9C3A-4AB0-BC0D-7D3905B6351A}.Release|ARM.Deploy.0 = Release|ARM
		{80F805B5-9C3A-4AB0-BC0D-7D3905B6351A}.Release|iPhone.ActiveCfg = Release|Any CPU
		{80F805B5-9C3A-4AB0-BC0D-7D3905B6351A}.Release|iPhone.Build.0 = Release|Any CPU
		{80F805B5-9C3A-4AB0-BC0D-7D3905B6351A}.Release|iPhone.Deploy.0 = Release|Any CPU
		{80F805B5-9C3A-4AB0-BC0D-7D3905B6351A}.Release|iPhoneSimulator.ActiveCfg = Release|Any CPU
		{80F805B5-9C3A-4AB0-BC0D-7D3905B6351A}.Release|iPhoneSimulator.Build.0 = Release|Any CPU
		{80F805B5-9C3A-4AB0-BC0D-7D3905B6351A}.Release|iPhoneSimulator.Deploy.0 = Release|Any CPU
		{80F805B5-9C3A-4AB0-BC0D-7D3905B6351A}.Release|x64.ActiveCfg = Release|Any CPU
		{80F805B5-9C3A-4AB0-BC0D-7D3905B6351A}.Release|x64.Build.0 = Release|Any CPU
		{80F805B5-9C3A-4AB0-BC0D-7D3905B6351A}.Release|x64.Deploy.0 = Release|Any CPU
		{80F805B5-9C3A-4AB0-BC0D-7D3905B6351A}.Release|x86.ActiveCfg = Release|x86
		{80F805B5-9C3A-4AB0-BC0D-7D3905B6351A}.Release|x86.Build.0 = Release|x86
		{80F805B5-9C3A-4AB0-BC0D-7D3905B6351A}.Release|x86.Deploy.0 = Release|x86
		{40993933-204B-42BD-9B56-01B05D7497F5}.Ad-Hoc|Any CPU.ActiveCfg = Release|x86
		{40993933-204B-42BD-9B56-01B05D7497F5}.Ad-Hoc|Any CPU.Build.0 = Release|x86
		{40993933-204B-42BD-9B56-01B05D7497F5}.Ad-Hoc|Any CPU.Deploy.0 = Release|x86
		{40993933-204B-42BD-9B56-01B05D7497F5}.Ad-Hoc|ARM.ActiveCfg = Release|ARM
		{40993933-204B-42BD-9B56-01B05D7497F5}.Ad-Hoc|ARM.Build.0 = Release|ARM
		{40993933-204B-42BD-9B56-01B05D7497F5}.Ad-Hoc|ARM.Deploy.0 = Release|ARM
		{40993933-204B-42BD-9B56-01B05D7497F5}.Ad-Hoc|iPhone.ActiveCfg = Release|x86
		{40993933-204B-42BD-9B56-01B05D7497F5}.Ad-Hoc|iPhone.Build.0 = Release|x86
		{40993933-204B-42BD-9B56-01B05D7497F5}.Ad-Hoc|iPhone.Deploy.0 = Release|x86
		{40993933-204B-42BD-9B56-01B05D7497F5}.Ad-Hoc|iPhoneSimulator.ActiveCfg = Release|x86
		{40993933-204B-42BD-9B56-01B05D7497F5}.Ad-Hoc|iPhoneSimulator.Build.0 = Release|x86
		{40993933-204B-42BD-9B56-01B05D7497F5}.Ad-Hoc|iPhoneSimulator.Deploy.0 = Release|x86
		{40993933-204B-42BD-9B56-01B05D7497F5}.Ad-Hoc|x64.ActiveCfg = Release|x64
		{40993933-204B-42BD-9B56-01B05D7497F5}.Ad-Hoc|x64.Build.0 = Release|x64
		{40993933-204B-42BD-9B56-01B05D7497F5}.Ad-Hoc|x64.Deploy.0 = Release|x64
		{40993933-204B-42BD-9B56-01B05D7497F5}.Ad-Hoc|x86.ActiveCfg = Release|x86
		{40993933-204B-42BD-9B56-01B05D7497F5}.Ad-Hoc|x86.Build.0 = Release|x86
		{40993933-204B-42BD-9B56-01B05D7497F5}.Ad-Hoc|x86.Deploy.0 = Release|x86
		{40993933-204B-42BD-9B56-01B05D7497F5}.AppStore|Any CPU.ActiveCfg = Release|x86
		{40993933-204B-42BD-9B56-01B05D7497F5}.AppStore|Any CPU.Build.0 = Release|x86
		{40993933-204B-42BD-9B56-01B05D7497F5}.AppStore|Any CPU.Deploy.0 = Release|x86
		{40993933-204B-42BD-9B56-01B05D7497F5}.AppStore|ARM.ActiveCfg = Release|ARM
		{40993933-204B-42BD-9B56-01B05D7497F5}.AppStore|ARM.Build.0 = Release|ARM
		{40993933-204B-42BD-9B56-01B05D7497F5}.AppStore|ARM.Deploy.0 = Release|ARM
		{40993933-204B-42BD-9B56-01B05D7497F5}.AppStore|iPhone.ActiveCfg = Release|x86
		{40993933-204B-42BD-9B56-01B05D7497F5}.AppStore|iPhone.Build.0 = Release|x86
		{40993933-204B-42BD-9B56-01B05D7497F5}.AppStore|iPhone.Deploy.0 = Release|x86
		{40993933-204B-42BD-9B56-01B05D7497F5}.AppStore|iPhoneSimulator.ActiveCfg = Release|x86
		{40993933-204B-42BD-9B56-01B05D7497F5}.AppStore|iPhoneSimulator.Build.0 = Release|x86
		{40993933-204B-42BD-9B56-01B05D7497F5}.AppStore|iPhoneSimulator.Deploy.0 = Release|x86
		{40993933-204B-42BD-9B56-01B05D7497F5}.AppStore|x64.ActiveCfg = Release|x64
		{40993933-204B-42BD-9B56-01B05D7497F5}.AppStore|x64.Build.0 = Release|x64
		{40993933-204B-42BD-9B56-01B05D7497F5}.AppStore|x64.Deploy.0 = Release|x64
		{40993933-204B-42BD-9B56-01B05D7497F5}.AppStore|x86.ActiveCfg = Release|x86
		{40993933-204B-42BD-9B56-01B05D7497F5}.AppStore|x86.Build.0 = Release|x86
		{40993933-204B-42BD-9B56-01B05D7497F5}.AppStore|x86.Deploy.0 = Release|x86
		{40993933-204B-42BD-9B56-01B05D7497F5}.Debug|Any CPU.ActiveCfg = Debug|x86
		{40993933-204B-42BD-9B56-01B05D7497F5}.Debug|ARM.ActiveCfg = Debug|ARM
		{40993933-204B-42BD-9B56-01B05D7497F5}.Debug|ARM.Build.0 = Debug|ARM
		{40993933-204B-42BD-9B56-01B05D7497F5}.Debug|ARM.Deploy.0 = Debug|ARM
		{40993933-204B-42BD-9B56-01B05D7497F5}.Debug|iPhone.ActiveCfg = Debug|x86
		{40993933-204B-42BD-9B56-01B05D7497F5}.Debug|iPhoneSimulator.ActiveCfg = Debug|x86
		{40993933-204B-42BD-9B56-01B05D7497F5}.Debug|x64.ActiveCfg = Debug|x64
		{40993933-204B-42BD-9B56-01B05D7497F5}.Debug|x64.Build.0 = Debug|x64
		{40993933-204B-42BD-9B56-01B05D7497F5}.Debug|x64.Deploy.0 = Debug|x64
		{40993933-204B-42BD-9B56-01B05D7497F5}.Debug|x86.ActiveCfg = Debug|x86
		{40993933-204B-42BD-9B56-01B05D7497F5}.Debug|x86.Build.0 = Debug|x86
		{40993933-204B-42BD-9B56-01B05D7497F5}.Debug|x86.Deploy.0 = Debug|x86
		{40993933-204B-42BD-9B56-01B05D7497F5}.Release|Any CPU.ActiveCfg = Release|x86
		{40993933-204B-42BD-9B56-01B05D7497F5}.Release|ARM.ActiveCfg = Release|ARM
		{40993933-204B-42BD-9B56-01B05D7497F5}.Release|ARM.Build.0 = Release|ARM
		{40993933-204B-42BD-9B56-01B05D7497F5}.Release|ARM.Deploy.0 = Release|ARM
		{40993933-204B-42BD-9B56-01B05D7497F5}.Release|iPhone.ActiveCfg = Release|x86
		{40993933-204B-42BD-9B56-01B05D7497F5}.Release|iPhoneSimulator.ActiveCfg = Release|x86
		{40993933-204B-42BD-9B56-01B05D7497F5}.Release|x64.ActiveCfg = Release|x64
		{40993933-204B-42BD-9B56-01B05D7497F5}.Release|x64.Build.0 = Release|x64
		{40993933-204B-42BD-9B56-01B05D7497F5}.Release|x64.Deploy.0 = Release|x64
		{40993933-204B-42BD-9B56-01B05D7497F5}.Release|x86.ActiveCfg = Release|x86
		{40993933-204B-42BD-9B56-01B05D7497F5}.Release|x86.Build.0 = Release|x86
		{40993933-204B-42BD-9B56-01B05D7497F5}.Release|x86.Deploy.0 = Release|x86
		{D2A427AA-98A0-4EF7-BF36-9C82C8A0728F}.Ad-Hoc|Any CPU.ActiveCfg = Release|Any CPU
		{D2A427AA-98A0-4EF7-BF36-9C82C8A0728F}.Ad-Hoc|Any CPU.Build.0 = Release|Any CPU
		{D2A427AA-98A0-4EF7-BF36-9C82C8A0728F}.Ad-Hoc|Any CPU.Deploy.0 = Release|Any CPU
		{D2A427AA-98A0-4EF7-BF36-9C82C8A0728F}.Ad-Hoc|ARM.ActiveCfg = Release|ARM
		{D2A427AA-98A0-4EF7-BF36-9C82C8A0728F}.Ad-Hoc|ARM.Build.0 = Release|ARM
		{D2A427AA-98A0-4EF7-BF36-9C82C8A0728F}.Ad-Hoc|ARM.Deploy.0 = Release|ARM
		{D2A427AA-98A0-4EF7-BF36-9C82C8A0728F}.Ad-Hoc|iPhone.ActiveCfg = Release|Any CPU
		{D2A427AA-98A0-4EF7-BF36-9C82C8A0728F}.Ad-Hoc|iPhone.Build.0 = Release|Any CPU
		{D2A427AA-98A0-4EF7-BF36-9C82C8A0728F}.Ad-Hoc|iPhone.Deploy.0 = Release|Any CPU
		{D2A427AA-98A0-4EF7-BF36-9C82C8A0728F}.Ad-Hoc|iPhoneSimulator.ActiveCfg = Release|Any CPU
		{D2A427AA-98A0-4EF7-BF36-9C82C8A0728F}.Ad-Hoc|iPhoneSimulator.Build.0 = Release|Any CPU
		{D2A427AA-98A0-4EF7-BF36-9C82C8A0728F}.Ad-Hoc|iPhoneSimulator.Deploy.0 = Release|Any CPU
		{D2A427AA-98A0-4EF7-BF36-9C82C8A0728F}.Ad-Hoc|x64.ActiveCfg = Release|x64
		{D2A427AA-98A0-4EF7-BF36-9C82C8A0728F}.Ad-Hoc|x64.Build.0 = Release|x64
		{D2A427AA-98A0-4EF7-BF36-9C82C8A0728F}.Ad-Hoc|x64.Deploy.0 = Release|x64
		{D2A427AA-98A0-4EF7-BF36-9C82C8A0728F}.Ad-Hoc|x86.ActiveCfg = Release|x86
		{D2A427AA-98A0-4EF7-BF36-9C82C8A0728F}.Ad-Hoc|x86.Build.0 = Release|x86
		{D2A427AA-98A0-4EF7-BF36-9C82C8A0728F}.Ad-Hoc|x86.Deploy.0 = Release|x86
		{D2A427AA-98A0-4EF7-BF36-9C82C8A0728F}.AppStore|Any CPU.ActiveCfg = Release|Any CPU
		{D2A427AA-98A0-4EF7-BF36-9C82C8A0728F}.AppStore|Any CPU.Build.0 = Release|Any CPU
		{D2A427AA-98A0-4EF7-BF36-9C82C8A0728F}.AppStore|Any CPU.Deploy.0 = Release|Any CPU
		{D2A427AA-98A0-4EF7-BF36-9C82C8A0728F}.AppStore|ARM.ActiveCfg = Release|ARM
		{D2A427AA-98A0-4EF7-BF36-9C82C8A0728F}.AppStore|ARM.Build.0 = Release|ARM
		{D2A427AA-98A0-4EF7-BF36-9C82C8A0728F}.AppStore|ARM.Deploy.0 = Release|ARM
		{D2A427AA-98A0-4EF7-BF36-9C82C8A0728F}.AppStore|iPhone.ActiveCfg = Release|Any CPU
		{D2A427AA-98A0-4EF7-BF36-9C82C8A0728F}.AppStore|iPhone.Build.0 = Release|Any CPU
		{D2A427AA-98A0-4EF7-BF36-9C82C8A0728F}.AppStore|iPhone.Deploy.0 = Release|Any CPU
		{D2A427AA-98A0-4EF7-BF36-9C82C8A0728F}.AppStore|iPhoneSimulator.ActiveCfg = Release|Any CPU
		{D2A427AA-98A0-4EF7-BF36-9C82C8A0728F}.AppStore|iPhoneSimulator.Build.0 = Release|Any CPU
		{D2A427AA-98A0-4EF7-BF36-9C82C8A0728F}.AppStore|iPhoneSimulator.Deploy.0 = Release|Any CPU
		{D2A427AA-98A0-4EF7-BF36-9C82C8A0728F}.AppStore|x64.ActiveCfg = Release|x64
		{D2A427AA-98A0-4EF7-BF36-9C82C8A0728F}.AppStore|x64.Build.0 = Release|x64
		{D2A427AA-98A0-4EF7-BF36-9C82C8A0728F}.AppStore|x64.Deploy.0 = Release|x64
		{D2A427AA-98A0-4EF7-BF36-9C82C8A0728F}.AppStore|x86.ActiveCfg = Release|x86
		{D2A427AA-98A0-4EF7-BF36-9C82C8A0728F}.AppStore|x86.Build.0 = Release|x86
		{D2A427AA-98A0-4EF7-BF36-9C82C8A0728F}.AppStore|x86.Deploy.0 = Release|x86
		{D2A427AA-98A0-4EF7-BF36-9C82C8A0728F}.Debug|Any CPU.ActiveCfg = Debug|Any CPU
		{D2A427AA-98A0-4EF7-BF36-9C82C8A0728F}.Debug|Any CPU.Build.0 = Debug|Any CPU
		{D2A427AA-98A0-4EF7-BF36-9C82C8A0728F}.Debug|Any CPU.Deploy.0 = Debug|Any CPU
		{D2A427AA-98A0-4EF7-BF36-9C82C8A0728F}.Debug|ARM.ActiveCfg = Debug|ARM
		{D2A427AA-98A0-4EF7-BF36-9C82C8A0728F}.Debug|ARM.Build.0 = Debug|ARM
		{D2A427AA-98A0-4EF7-BF36-9C82C8A0728F}.Debug|ARM.Deploy.0 = Debug|ARM
		{D2A427AA-98A0-4EF7-BF36-9C82C8A0728F}.Debug|iPhone.ActiveCfg = Debug|Any CPU
		{D2A427AA-98A0-4EF7-BF36-9C82C8A0728F}.Debug|iPhone.Build.0 = Debug|Any CPU
		{D2A427AA-98A0-4EF7-BF36-9C82C8A0728F}.Debug|iPhone.Deploy.0 = Debug|Any CPU
		{D2A427AA-98A0-4EF7-BF36-9C82C8A0728F}.Debug|iPhoneSimulator.ActiveCfg = Debug|Any CPU
		{D2A427AA-98A0-4EF7-BF36-9C82C8A0728F}.Debug|iPhoneSimulator.Build.0 = Debug|Any CPU
		{D2A427AA-98A0-4EF7-BF36-9C82C8A0728F}.Debug|iPhoneSimulator.Deploy.0 = Debug|Any CPU
		{D2A427AA-98A0-4EF7-BF36-9C82C8A0728F}.Debug|x64.ActiveCfg = Debug|x64
		{D2A427AA-98A0-4EF7-BF36-9C82C8A0728F}.Debug|x64.Build.0 = Debug|x64
		{D2A427AA-98A0-4EF7-BF36-9C82C8A0728F}.Debug|x64.Deploy.0 = Debug|x64
		{D2A427AA-98A0-4EF7-BF36-9C82C8A0728F}.Debug|x86.ActiveCfg = Debug|x86
		{D2A427AA-98A0-4EF7-BF36-9C82C8A0728F}.Debug|x86.Build.0 = Debug|x86
		{D2A427AA-98A0-4EF7-BF36-9C82C8A0728F}.Debug|x86.Deploy.0 = Debug|x86
		{D2A427AA-98A0-4EF7-BF36-9C82C8A0728F}.Release|Any CPU.ActiveCfg = Release|Any CPU
		{D2A427AA-98A0-4EF7-BF36-9C82C8A0728F}.Release|Any CPU.Build.0 = Release|Any CPU
		{D2A427AA-98A0-4EF7-BF36-9C82C8A0728F}.Release|Any CPU.Deploy.0 = Release|Any CPU
		{D2A427AA-98A0-4EF7-BF36-9C82C8A0728F}.Release|ARM.ActiveCfg = Release|ARM
		{D2A427AA-98A0-4EF7-BF36-9C82C8A0728F}.Release|ARM.Build.0 = Release|ARM
		{D2A427AA-98A0-4EF7-BF36-9C82C8A0728F}.Release|ARM.Deploy.0 = Release|ARM
		{D2A427AA-98A0-4EF7-BF36-9C82C8A0728F}.Release|iPhone.ActiveCfg = Release|Any CPU
		{D2A427AA-98A0-4EF7-BF36-9C82C8A0728F}.Release|iPhone.Build.0 = Release|Any CPU
		{D2A427AA-98A0-4EF7-BF36-9C82C8A0728F}.Release|iPhone.Deploy.0 = Release|Any CPU
		{D2A427AA-98A0-4EF7-BF36-9C82C8A0728F}.Release|iPhoneSimulator.ActiveCfg = Release|Any CPU
		{D2A427AA-98A0-4EF7-BF36-9C82C8A0728F}.Release|iPhoneSimulator.Build.0 = Release|Any CPU
		{D2A427AA-98A0-4EF7-BF36-9C82C8A0728F}.Release|iPhoneSimulator.Deploy.0 = Release|Any CPU
		{D2A427AA-98A0-4EF7-BF36-9C82C8A0728F}.Release|x64.ActiveCfg = Release|x64
		{D2A427AA-98A0-4EF7-BF36-9C82C8A0728F}.Release|x64.Build.0 = Release|x64
		{D2A427AA-98A0-4EF7-BF36-9C82C8A0728F}.Release|x64.Deploy.0 = Release|x64
		{D2A427AA-98A0-4EF7-BF36-9C82C8A0728F}.Release|x86.ActiveCfg = Release|x86
		{D2A427AA-98A0-4EF7-BF36-9C82C8A0728F}.Release|x86.Build.0 = Release|x86
		{D2A427AA-98A0-4EF7-BF36-9C82C8A0728F}.Release|x86.Deploy.0 = Release|x86
	EndGlobalSection
	GlobalSection(SolutionProperties) = preSolution
		HideSolutionNode = FALSE
	EndGlobalSection
EndGlobal
